id: aggmux_usrp_aggregate_vcc
label: usrp_aggregate_vcc
category: '[aggmux]'

templates:
  imports: from gnuradio import aggmux
  make: aggmux.usrp_aggregate_vcc(${vector_size}, ${max_update_freq}, ${modalities}, ${sid}, ${debug})


parameters:
  - id: vector_size
    label: vector_size
    dtype: int
    default: 1024
  - id: max_update_freq
    label: max_update_freq
    dtype: int
    default: 15
  - id: modalities
    label: modalities
    dtype: int
    default: 7
  - id: sid
    label: sid
    dtype: int
    default: 0
  - id: debug
    label: debug
    dtype: bool
    default: 'False'
inputs:
  - label: in
    dtype: float_vector
outputs:
  - label: out
    dtype: float_vector

file_format: 1
