id: aggmux_overlapping_stream_to_vec_cc
label: overlapping_stream_to_vec_cc
category: '[aggmux]'

templates:
  imports: from gnuradio import aggmux
  make: aggmux.overlapping_stream_to_vec_cc(${vector_size}, ${overlap}, ${debug}, ${sid})

parameters:
  - id: vector_size
    label: vector_size
    dtype: int
    default: 1024
  - id: overlap
    label: vector_size
    dtype: int
    default: 256
  - id: sid
    label: sid
    dtype: int
    default: 0
  - id: debug
    label: debug
    dtype: bool
    default: 'False'

inputs:
  - label: in
    dtype: complex
outputs:
  - label: out
    dtype: complex

file_format: 1
